
Microsoft Visual Studio Solution File, Format Version 12.00
# Visual Studio 15
VisualStudioVersion = 15.0.28010.2050
MinimumVisualStudioVersion = 10.0.40219.1
Project("{FAE04EC0-301F-11D3-BF4B-00C04F79EFBC}") = "4DanGenerics", "4DanGenerics\4DanGenerics.csproj", "{1BDDBF04-EC81-4A6D-AE08-08D40B65EFB8}"
EndProject
Global
	GlobalSection(SolutionConfigurationPlatforms) = preSolution
		Debug|Any CPU = Debug|Any CPU
		Release|Any CPU = Release|Any CPU
	EndGlobalSection
	GlobalSection(ProjectConfigurationPlatforms) = postSolution
		{1BDDBF04-EC81-4A6D-AE08-08D40B65EFB8}.Debug|Any CPU.ActiveCfg = Debug|Any CPU
		{1BDDBF04-EC81-4A6D-AE08-08D40B65EFB8}.Debug|Any CPU.Build.0 = Debug|Any CPU
		{1BDDBF04-EC81-4A6D-AE08-08D40B65EFB8}.Release|Any CPU.ActiveCfg = Release|Any CPU
		{1BDDBF04-EC81-4A6D-AE08-08D40B65EFB8}.Release|Any CPU.Build.0 = Release|Any CPU
	EndGlobalSection
	GlobalSection(SolutionProperties) = preSolution
		HideSolutionNode = FALSE
	EndGlobalSection
	GlobalSection(ExtensibilityGlobals) = postSolution
		SolutionGuid = {114C512D-1840-474B-96DD-A428BF84564C}
	EndGlobalSection
EndGlobal
